<?xml version="1.0" encoding="utf-8"?>
<Project ToolsVersion="4.0" xmlns="http://schemas.microsoft.com/developer/msbuild/2003">
  <ItemGroup>
    <ClCompile Include="DiscordAPI.cpp" />
    <ClCompile Include="..\third-party\include\DiscordGameSDK\achievement_manager.cpp">
      <Filter>DiscordGameSDK\Managers\Achievement manager</Filter>
    </ClCompile>
    <ClCompile Include="..\third-party\include\DiscordGameSDK\activity_manager.cpp">
      <Filter>DiscordGameSDK\Managers\Activity manager</Filter>
    </ClCompile>
    <ClCompile Include="..\third-party\include\DiscordGameSDK\application_manager.cpp">
      <Filter>DiscordGameSDK\Managers\Application manager</Filter>
    </ClCompile>
    <ClCompile Include="..\third-party\include\DiscordGameSDK\core.cpp">
      <Filter>DiscordGameSDK\Core</Filter>
    </ClCompile>
    <ClCompile Include="..\third-party\include\DiscordGameSDK\image_manager.cpp">
      <Filter>DiscordGameSDK\Managers\Image manager</Filter>
    </ClCompile>
    <ClCompile Include="..\third-party\include\DiscordGameSDK\lobby_manager.cpp">
      <Filter>DiscordGameSDK\Managers\Lobby manager</Filter>
    </ClCompile>
    <ClCompile Include="..\third-party\include\DiscordGameSDK\network_manager.cpp">
      <Filter>DiscordGameSDK\Managers\Network manager</Filter>
    </ClCompile>
    <ClCompile Include="..\third-party\include\DiscordGameSDK\overlay_manager.cpp">
      <Filter>DiscordGameSDK\Managers\Overlay manager</Filter>
    </ClCompile>
    <ClCompile Include="..\third-party\include\DiscordGameSDK\relationship_manager.cpp">
      <Filter>DiscordGameSDK\Managers\Relationship manager</Filter>
    </ClCompile>
    <ClCompile Include="..\third-party\include\DiscordGameSDK\storage_manager.cpp">
      <Filter>DiscordGameSDK\Managers\Storage manager</Filter>
    </ClCompile>
    <ClCompile Include="..\third-party\include\DiscordGameSDK\store_manager.cpp">
      <Filter>DiscordGameSDK\Managers\Store manager</Filter>
    </ClCompile>
    <ClCompile Include="..\third-party\include\DiscordGameSDK\user_manager.cpp">
      <Filter>DiscordGameSDK\Managers\User manager</Filter>
    </ClCompile>
    <ClCompile Include="..\third-party\include\DiscordGameSDK\voice_manager.cpp">
      <Filter>DiscordGameSDK\Managers\Voice manager</Filter>
    </ClCompile>
    <ClCompile Include="..\third-party\include\DiscordGameSDK\types.cpp">
      <Filter>DiscordGameSDK\Types</Filter>
    </ClCompile>
    <ClCompile Include="stdafx.cpp" />
  </ItemGroup>
  <ItemGroup>
    <ClInclude Include="DiscordAPI.h" />
    <ClInclude Include="..\third-party\include\DiscordGameSDK\achievement_manager.h">
      <Filter>DiscordGameSDK\Managers\Achievement manager</Filter>
    </ClInclude>
    <ClInclude Include="..\third-party\include\DiscordGameSDK\activity_manager.h">
      <Filter>DiscordGameSDK\Managers\Activity manager</Filter>
    </ClInclude>
    <ClInclude Include="..\third-party\include\DiscordGameSDK\application_manager.h">
      <Filter>DiscordGameSDK\Managers\Application manager</Filter>
    </ClInclude>
    <ClInclude Include="..\third-party\include\DiscordGameSDK\core.h">
      <Filter>DiscordGameSDK\Core</Filter>
    </ClInclude>
    <ClInclude Include="..\third-party\include\DiscordGameSDK\image_manager.h">
      <Filter>DiscordGameSDK\Managers\Image manager</Filter>
    </ClInclude>
    <ClInclude Include="..\third-party\include\DiscordGameSDK\lobby_manager.h">
      <Filter>DiscordGameSDK\Managers\Lobby manager</Filter>
    </ClInclude>
    <ClInclude Include="..\third-party\include\DiscordGameSDK\network_manager.h">
      <Filter>DiscordGameSDK\Managers\Network manager</Filter>
    </ClInclude>
    <ClInclude Include="..\third-party\include\DiscordGameSDK\overlay_manager.h">
      <Filter>DiscordGameSDK\Managers\Overlay manager</Filter>
    </ClInclude>
    <ClInclude Include="..\third-party\include\DiscordGameSDK\relationship_manager.h">
      <Filter>DiscordGameSDK\Managers\Relationship manager</Filter>
    </ClInclude>
    <ClInclude Include="..\third-party\include\DiscordGameSDK\storage_manager.h">
      <Filter>DiscordGameSDK\Managers\Storage manager</Filter>
    </ClInclude>
    <ClInclude Include="..\third-party\include\DiscordGameSDK\store_manager.h">
      <Filter>DiscordGameSDK\Managers\Store manager</Filter>
    </ClInclude>
    <ClInclude Include="..\third-party\include\DiscordGameSDK\user_manager.h">
      <Filter>DiscordGameSDK\Managers\User manager</Filter>
    </ClInclude>
    <ClInclude Include="..\third-party\include\DiscordGameSDK\voice_manager.h">
      <Filter>DiscordGameSDK\Managers\Voice manager</Filter>
    </ClInclude>
    <ClInclude Include="..\third-party\include\DiscordGameSDK\types.h">
      <Filter>DiscordGameSDK\Types</Filter>
    </ClInclude>
    <ClInclude Include="..\third-party\include\DiscordGameSDK\discord.h">
      <Filter>DiscordGameSDK\Kernel</Filter>
    </ClInclude>
    <ClInclude Include="..\third-party\include\DiscordGameSDK\event.h">
      <Filter>DiscordGameSDK\Kernel</Filter>
    </ClInclude>
    <ClInclude Include="..\third-party\include\DiscordGameSDK\ffi.h">
      <Filter>DiscordGameSDK\Kernel</Filter>
    </ClInclude>
    <ClInclude Include="stdafx.h" />
  </ItemGroup>
  <ItemGroup>
    <Filter Include="DiscordGameSDK">
      <UniqueIdentifier>{7db605c0-2a52-4525-a440-6148f6929ab2}</UniqueIdentifier>
    </Filter>
    <Filter Include="DiscordGameSDK\Core">
      <UniqueIdentifier>{63787f71-02f7-4ab0-b55f-5c7728c68aa0}</UniqueIdentifier>
    </Filter>
    <Filter Include="DiscordGameSDK\Types">
      <UniqueIdentifier>{8fae5656-27e5-4609-8b45-b016de5992e2}</UniqueIdentifier>
    </Filter>
    <Filter Include="DiscordGameSDK\Kernel">
      <UniqueIdentifier>{9c2b938b-2467-439e-b252-bb06f6336457}</UniqueIdentifier>
    </Filter>
    <Filter Include="DiscordGameSDK\Managers">
      <UniqueIdentifier>{81ca4767-1e15-48a0-9383-2ce1d79d7acc}</UniqueIdentifier>
    </Filter>
    <Filter Include="DiscordGameSDK\Managers\Achievement manager">
      <UniqueIdentifier>{c791f2a1-377a-4326-a51e-8a28ea1113e3}</UniqueIdentifier>
    </Filter>
    <Filter Include="DiscordGameSDK\Managers\Activity manager">
      <UniqueIdentifier>{833f4607-2da1-46a3-9b14-574609d10fb4}</UniqueIdentifier>
    </Filter>
    <Filter Include="DiscordGameSDK\Managers\Application manager">
      <UniqueIdentifier>{caf56406-853e-4e20-9ab3-3483c3e06f49}</UniqueIdentifier>
    </Filter>
    <Filter Include="DiscordGameSDK\Managers\Image manager">
      <UniqueIdentifier>{e2336d55-631d-44e1-b011-aaab1981851a}</UniqueIdentifier>
    </Filter>
    <Filter Include="DiscordGameSDK\Managers\Lobby manager">
      <UniqueIdentifier>{318634a5-5f7e-4ff8-a9a8-3e092d506f2c}</UniqueIdentifier>
    </Filter>
    <Filter Include="DiscordGameSDK\Managers\Network manager">
      <UniqueIdentifier>{fabd902c-a809-40f1-8346-745933837a6b}</UniqueIdentifier>
    </Filter>
    <Filter Include="DiscordGameSDK\Managers\Voice manager">
      <UniqueIdentifier>{81ac440d-cd00-4ac1-abb4-97e9f06dbc51}</UniqueIdentifier>
    </Filter>
    <Filter Include="DiscordGameSDK\Managers\User manager">
      <UniqueIdentifier>{e75008ef-7ae1-43e9-88d5-e0efa6fd25a2}</UniqueIdentifier>
    </Filter>
    <Filter Include="DiscordGameSDK\Managers\Store manager">
      <UniqueIdentifier>{2fbeb096-8580-4af2-8213-159e4b09cf92}</UniqueIdentifier>
    </Filter>
    <Filter Include="DiscordGameSDK\Managers\Storage manager">
      <UniqueIdentifier>{16fcaa1a-1cc6-4910-ade5-c5a99e89aae3}</UniqueIdentifier>
    </Filter>
    <Filter Include="DiscordGameSDK\Managers\Relationship manager">
      <UniqueIdentifier>{150871a7-93bb-4051-9cb0-869f3232bbea}</UniqueIdentifier>
    </Filter>
    <Filter Include="DiscordGameSDK\Managers\Overlay manager">
      <UniqueIdentifier>{eac3c934-2810-4d0a-bc84-c62b25960665}</UniqueIdentifier>
    </Filter>
  </ItemGroup>
</Project>